{
  "version": 4,
  "terraform_version": "1.7.1",
  "serial": 69,
  "lineage": "ff8d2d24-5de0-b7be-0943-116219677ce9",
  "outputs": {
    "web_linuxvm_network_interface_id": {
      "value": "/subscriptions/b1facc8e-4a54-4c0d-9438-530dead2c9f2/resourceGroups/resourceGroup1/providers/Microsoft.Network/networkInterfaces/resourceGroup1-web-linuxvm-nic",
      "type": "string"
    },
    "web_linuxvm_network_interface_private_ip_addresses": {
      "value": [
        [
          "10.0.2.4"
        ]
      ],
      "type": [
        "tuple",
        [
          [
            "list",
            "string"
          ]
        ]
      ]
    },
    "web_linuxvm_private_ip_address": {
      "value": "10.0.2.4",
      "type": "string"
    },
    "web_linuxvm_public_ip": {
      "value": "104.42.146.11",
      "type": "string"
    },
    "web_linuxvm_public_ip_address": {
      "value": "104.42.146.11",
      "type": "string"
    },
    "web_linuxvm_virtual_machine_id": {
      "value": "/subscriptions/b1facc8e-4a54-4c0d-9438-530dead2c9f2/resourceGroups/resourceGroup1/providers/Microsoft.Compute/virtualMachines/resourceGroup1-web-linuxvm",
      "type": "string"
    },
    "web_linuxvm_virtual_machine_id_128bit": {
      "value": "1c4c552a-4e92-4bc8-b3e0-3f6ab2cc38cc",
      "type": "string"
    }
  },
  "resources": [
    {
      "mode": "managed",
      "type": "azurerm_linux_virtual_machine",
      "name": "web_linuxvm",
      "provider": "provider[\"registry.terraform.io/hashicorp/azurerm\"]",
      "instances": [
        {
          "schema_version": 0,
          "attributes": {
            "additional_capabilities": [],
            "admin_password": null,
            "admin_ssh_key": [
              {
                "public_key": "ssh-rsa AAAAB3NzaC1yc2EAAAADAQABAAACAQDSVc30fiGtelRtCiQoktURMGXIDZmVIoD4nvkHRVXMxmMdUvhUmLVx8jwMw7gwFZvPVQ3Z4zietKnUyCFLX8DGnY7MVak4rvWgEnuRz9Zle2K0PHKsBDrpjZ1MdiJcfNrlJPHfdQpLX5Z5x9bW7DoAprPy91AEhpe3esnt5nM0OrlmHMhptNzU+LU/A2zo7ScsFHEdaZ/Jn0YO/+0J+yy2YRL1+3AjcdaIexjg9RA8myyzxdOCWphCI5vvuNePBkMhqb9BaDX9uMcR7XYNn7+9hXfqkK8dqfiITdp8qFHSpWV8GJfQNZz/gUr+c5N2ssjWJendtrftpSwbW/JFFcvNPSThghph5qH/WvPBZXTdcAAIgv/JPRrTL4+onZsMSNlnMHy9SUSXUS7xCAPvqjnOVW8SHJyATtk6P/k09Ye5ipJzCWEmAi2w3jOmOB71H6gE1uL/WkVBblmcgqcAXp779KrKvSAoehR1NDIdOT4mD5Tl6sPVnNr/JBdzPNi+S1VKueBJVLEEgCMAFGQpu0INv2cNeE/WHUJL3dTpYpepUL8rbG4OFFaU8txDDXYsAV+cYRIEpckpwk3p2pu+Ly7b6PJUMeiF+dL6ehBMDqikst+gUMEk7+OsESOnYOTxj+pZ9h7REjSxiJdIJymu0oXhl4t1jP20HLRXBcVV2jQDFQ== azureuser@myserver\n",
                "username": "azureuser"
              }
            ],
            "admin_username": "azureuser",
            "allow_extension_operations": true,
            "availability_set_id": "",
            "boot_diagnostics": [],
            "bypass_platform_safety_checks_on_user_schedule_enabled": false,
            "capacity_reservation_group_id": "",
            "computer_name": "resourceGroup1-web-linuxvm",
            "custom_data": "ICAjIS9iaW4vc2gKICBzdWRvIHl1bSBpbnN0YWxsIC15IGh0dHBkCiAgc3VkbyBzeXN0ZW1jdGwgZW5hYmxlIGh0dHBkCiAgc3VkbyBzeXN0ZW1jdGwgc3RhcnQgaHR0cGQKICBzdWRvIHN5c3RlbWN0bCBzdG9wIGZpcmV3YWxsZAogIHN1ZG8gc3lzdGVtY3RsIGRpc2FibGUgZmlyZXdhbGxkCiAgc3VkbyBjaG1vZCAtUiA3NzcgL3Zhci93d3cvaHRtbAogIHN1ZG8gZWNobyAiV2VsY29tZSB0byBzdGFja3NpbXBsaWZ5IC0gV2ViVk0gQXBwMSAtIFZNIEhvc3RuYW1lOiBcJChob3N0bmFtZSkiID4gL3Zhci93d3cvaHRtbC9pbmRleC5odG1sCiAgc3VkbyBta2RpciAvdmFyL3d3dy9odG1sL2FwcDEKICBzdWRvIGVjaG8gIldlbGNvbWUgdG8gc3RhY2tzaW1wbGlmeSAtIFdlYlZNIEFwcDEgLSBWTSBIb3N0bmFtZTogXCQoaG9zdG5hbWUpIiA+IC92YXIvd3d3L2h0bWwvYXBwMS9ob3N0bmFtZS5odG1sCiAgc3VkbyBlY2hvICJXZWxjb21lIHRvIHN0YWNrc2ltcGxpZnkgLSBXZWJWTSBBcHAxIC0gQXBwIFN0YXR1cyBQYWdlIiA+IC92YXIvd3d3L2h0bWwvYXBwMS9zdGF0dXMuaHRtbAogIHN1ZG8gZWNobyAiPCFET0NUWVBFIGh0bWw+IDxodG1sPiA8Ym9keSBzdHlsZT1cImJhY2tncm91bmQtY29sb3I6cmdiKDI1MCwgMjEwLCAyMTApO1wiPiA8aDE+V2VsY29tZSB0byBTdGFjayBTaW1wbGlmeSAtIFdlYlZNIEFQUC0xIDwvaDE+IDxwPlRlcnJhZm9ybSBEZW1vPC9wPiA8cD5BcHBsaWNhdGlvbiBWZXJzaW9uOiBWMTwvcD4gPC9ib2R5PjwvaHRtbD4iIHwgc3VkbyB0ZWUgL3Zhci93d3cvaHRtbC9hcHAxL2luZGV4Lmh0bWwKICBzdWRvIGN1cmwgLUggIk1ldGFkYXRhOnRydWUiIC0tbm9wcm94eSAiKiIgImh0dHA6Ly8xNjkuMjU0LjE2OS4yNTQvbWV0YWRhdGEvaW5zdGFuY2U/YXBpLXZlcnNpb249MjAyMC0wOS0wMSIgLW8gL3Zhci93d3cvaHRtbC9hcHAxL21ldGFkYXRhLmh0bWwK",
            "dedicated_host_group_id": "",
            "dedicated_host_id": "",
            "disable_password_authentication": true,
            "edge_zone": "",
            "encryption_at_host_enabled": false,
            "eviction_policy": "",
            "extensions_time_budget": "PT1H30M",
            "gallery_application": [],
            "id": "/subscriptions/b1facc8e-4a54-4c0d-9438-530dead2c9f2/resourceGroups/resourceGroup1/providers/Microsoft.Compute/virtualMachines/resourceGroup1-web-linuxvm",
            "identity": [],
            "license_type": "",
            "location": "westus",
            "max_bid_price": -1,
            "name": "resourceGroup1-web-linuxvm",
            "network_interface_ids": [
              "/subscriptions/b1facc8e-4a54-4c0d-9438-530dead2c9f2/resourceGroups/resourceGroup1/providers/Microsoft.Network/networkInterfaces/resourceGroup1-web-linuxvm-nic"
            ],
            "os_disk": [
              {
                "caching": "ReadWrite",
                "diff_disk_settings": [],
                "disk_encryption_set_id": "",
                "disk_size_gb": 64,
                "name": "resourceGroup1-web-linuxvm_OsDisk_1_5c992752530846a2b230a8763f4f766f",
                "secure_vm_disk_encryption_set_id": "",
                "security_encryption_type": "",
                "storage_account_type": "Standard_LRS",
                "write_accelerator_enabled": false
              }
            ],
            "patch_assessment_mode": "ImageDefault",
            "patch_mode": "ImageDefault",
            "plan": [],
            "platform_fault_domain": -1,
            "priority": "Regular",
            "private_ip_address": "10.0.2.4",
            "private_ip_addresses": [
              "10.0.2.4"
            ],
            "provision_vm_agent": true,
            "proximity_placement_group_id": "",
            "public_ip_address": "104.42.146.11",
            "public_ip_addresses": [
              "104.42.146.11"
            ],
            "reboot_setting": "",
            "resource_group_name": "resourceGroup1",
            "secret": [],
            "secure_boot_enabled": false,
            "size": "Standard_DS1_v2",
            "source_image_id": "",
            "source_image_reference": [
              {
                "offer": "RHEL",
                "publisher": "RedHat",
                "sku": "83-gen2",
                "version": "latest"
              }
            ],
            "tags": {},
            "termination_notification": [],
            "timeouts": null,
            "user_data": "",
            "virtual_machine_id": "1c4c552a-4e92-4bc8-b3e0-3f6ab2cc38cc",
            "virtual_machine_scale_set_id": "",
            "vtpm_enabled": false,
            "zone": ""
          },
          "sensitive_attributes": [],
          "private": "eyJlMmJmYjczMC1lY2FhLTExZTYtOGY4OC0zNDM2M2JjN2M0YzAiOnsiY3JlYXRlIjoyNzAwMDAwMDAwMDAwLCJkZWxldGUiOjI3MDAwMDAwMDAwMDAsInJlYWQiOjMwMDAwMDAwMDAwMCwidXBkYXRlIjoyNzAwMDAwMDAwMDAwfX0=",
          "dependencies": [
            "azurerm_network_interface.web_linuxvm_nic",
            "azurerm_public_ip.web_linuxvm_publicip",
            "azurerm_resource_group.example",
            "azurerm_subnet.example",
            "azurerm_virtual_network.example"
          ]
        }
      ]
    },
    {
      "mode": "managed",
      "type": "azurerm_network_interface",
      "name": "web_linuxvm_nic",
      "provider": "provider[\"registry.terraform.io/hashicorp/azurerm\"]",
      "instances": [
        {
          "schema_version": 0,
          "attributes": {
            "applied_dns_servers": [],
            "auxiliary_mode": "",
            "auxiliary_sku": "",
            "dns_servers": [],
            "edge_zone": "",
            "enable_accelerated_networking": false,
            "enable_ip_forwarding": false,
            "id": "/subscriptions/b1facc8e-4a54-4c0d-9438-530dead2c9f2/resourceGroups/resourceGroup1/providers/Microsoft.Network/networkInterfaces/resourceGroup1-web-linuxvm-nic",
            "internal_dns_name_label": "",
            "internal_domain_name_suffix": "4wofzcocvrnudi4ocmrcgm0otg.dx.internal.cloudapp.net",
            "ip_configuration": [
              {
                "gateway_load_balancer_frontend_ip_configuration_id": "",
                "name": "web-linuxvm-ip-1",
                "primary": true,
                "private_ip_address": "10.0.2.4",
                "private_ip_address_allocation": "Dynamic",
                "private_ip_address_version": "IPv4",
                "public_ip_address_id": "/subscriptions/b1facc8e-4a54-4c0d-9438-530dead2c9f2/resourceGroups/resourceGroup1/providers/Microsoft.Network/publicIPAddresses/resourceGroup1-linuxvm-publicip",
                "subnet_id": "/subscriptions/b1facc8e-4a54-4c0d-9438-530dead2c9f2/resourceGroups/resourceGroup1/providers/Microsoft.Network/virtualNetworks/my-vnet/subnets/internal"
              }
            ],
            "location": "westus",
            "mac_address": "00-0D-3A-58-E3-BC",
            "name": "resourceGroup1-web-linuxvm-nic",
            "private_ip_address": "10.0.2.4",
            "private_ip_addresses": [
              "10.0.2.4"
            ],
            "resource_group_name": "resourceGroup1",
            "tags": {},
            "timeouts": null,
            "virtual_machine_id": "/subscriptions/b1facc8e-4a54-4c0d-9438-530dead2c9f2/resourceGroups/resourceGroup1/providers/Microsoft.Compute/virtualMachines/resourceGroup1-web-linuxvm"
          },
          "sensitive_attributes": [],
          "private": "eyJlMmJmYjczMC1lY2FhLTExZTYtOGY4OC0zNDM2M2JjN2M0YzAiOnsiY3JlYXRlIjoxODAwMDAwMDAwMDAwLCJkZWxldGUiOjE4MDAwMDAwMDAwMDAsInJlYWQiOjMwMDAwMDAwMDAwMCwidXBkYXRlIjoxODAwMDAwMDAwMDAwfX0=",
          "dependencies": [
            "azurerm_public_ip.web_linuxvm_publicip",
            "azurerm_resource_group.example",
            "azurerm_subnet.example",
            "azurerm_virtual_network.example"
          ]
        }
      ]
    },
    {
      "mode": "managed",
      "type": "azurerm_network_interface_security_group_association",
      "name": "web_vmnic_nsg_associate",
      "provider": "provider[\"registry.terraform.io/hashicorp/azurerm\"]",
      "instances": [
        {
          "schema_version": 0,
          "attributes": {
            "id": "/subscriptions/b1facc8e-4a54-4c0d-9438-530dead2c9f2/resourceGroups/resourceGroup1/providers/Microsoft.Network/networkInterfaces/resourceGroup1-web-linuxvm-nic|/subscriptions/b1facc8e-4a54-4c0d-9438-530dead2c9f2/resourceGroups/resourceGroup1/providers/Microsoft.Network/networkSecurityGroups/resourceGroup1-web-linuxvm-nic-nsg",
            "network_interface_id": "/subscriptions/b1facc8e-4a54-4c0d-9438-530dead2c9f2/resourceGroups/resourceGroup1/providers/Microsoft.Network/networkInterfaces/resourceGroup1-web-linuxvm-nic",
            "network_security_group_id": "/subscriptions/b1facc8e-4a54-4c0d-9438-530dead2c9f2/resourceGroups/resourceGroup1/providers/Microsoft.Network/networkSecurityGroups/resourceGroup1-web-linuxvm-nic-nsg",
            "timeouts": null
          },
          "sensitive_attributes": [],
          "private": "eyJlMmJmYjczMC1lY2FhLTExZTYtOGY4OC0zNDM2M2JjN2M0YzAiOnsiY3JlYXRlIjoxODAwMDAwMDAwMDAwLCJkZWxldGUiOjE4MDAwMDAwMDAwMDAsInJlYWQiOjMwMDAwMDAwMDAwMH19",
          "dependencies": [
            "azurerm_network_interface.web_linuxvm_nic",
            "azurerm_network_security_group.web_vmnic_nsg",
            "azurerm_network_security_rule.web_vmnic_nsg_rule_inbound",
            "azurerm_public_ip.web_linuxvm_publicip",
            "azurerm_resource_group.example",
            "azurerm_subnet.example",
            "azurerm_virtual_network.example"
          ]
        }
      ]
    },
    {
      "mode": "managed",
      "type": "azurerm_network_security_group",
      "name": "web_vmnic_nsg",
      "provider": "provider[\"registry.terraform.io/hashicorp/azurerm\"]",
      "instances": [
        {
          "schema_version": 0,
          "attributes": {
            "id": "/subscriptions/b1facc8e-4a54-4c0d-9438-530dead2c9f2/resourceGroups/resourceGroup1/providers/Microsoft.Network/networkSecurityGroups/resourceGroup1-web-linuxvm-nic-nsg",
            "location": "westus",
            "name": "resourceGroup1-web-linuxvm-nic-nsg",
            "resource_group_name": "resourceGroup1",
            "security_rule": [
              {
                "access": "Allow",
                "description": "",
                "destination_address_prefix": "*",
                "destination_address_prefixes": [],
                "destination_application_security_group_ids": [],
                "destination_port_range": "22",
                "destination_port_ranges": [],
                "direction": "Inbound",
                "name": "Rule-Port-22",
                "priority": 120,
                "protocol": "Tcp",
                "source_address_prefix": "*",
                "source_address_prefixes": [],
                "source_application_security_group_ids": [],
                "source_port_range": "*",
                "source_port_ranges": []
              },
              {
                "access": "Allow",
                "description": "",
                "destination_address_prefix": "*",
                "destination_address_prefixes": [],
                "destination_application_security_group_ids": [],
                "destination_port_range": "443",
                "destination_port_ranges": [],
                "direction": "Inbound",
                "name": "Rule-Port-443",
                "priority": 110,
                "protocol": "Tcp",
                "source_address_prefix": "*",
                "source_address_prefixes": [],
                "source_application_security_group_ids": [],
                "source_port_range": "*",
                "source_port_ranges": []
              },
              {
                "access": "Allow",
                "description": "",
                "destination_address_prefix": "*",
                "destination_address_prefixes": [],
                "destination_application_security_group_ids": [],
                "destination_port_range": "80",
                "destination_port_ranges": [],
                "direction": "Inbound",
                "name": "Rule-Port-80",
                "priority": 100,
                "protocol": "Tcp",
                "source_address_prefix": "*",
                "source_address_prefixes": [],
                "source_application_security_group_ids": [],
                "source_port_range": "*",
                "source_port_ranges": []
              }
            ],
            "tags": {},
            "timeouts": null
          },
          "sensitive_attributes": [],
          "private": "eyJlMmJmYjczMC1lY2FhLTExZTYtOGY4OC0zNDM2M2JjN2M0YzAiOnsiY3JlYXRlIjoxODAwMDAwMDAwMDAwLCJkZWxldGUiOjE4MDAwMDAwMDAwMDAsInJlYWQiOjMwMDAwMDAwMDAwMCwidXBkYXRlIjoxODAwMDAwMDAwMDAwfX0=",
          "dependencies": [
            "azurerm_network_interface.web_linuxvm_nic",
            "azurerm_public_ip.web_linuxvm_publicip",
            "azurerm_resource_group.example",
            "azurerm_subnet.example",
            "azurerm_virtual_network.example"
          ]
        }
      ]
    },
    {
      "mode": "managed",
      "type": "azurerm_network_security_rule",
      "name": "web_vmnic_nsg_rule_inbound",
      "provider": "provider[\"registry.terraform.io/hashicorp/azurerm\"]",
      "instances": [
        {
          "index_key": "100",
          "schema_version": 0,
          "attributes": {
            "access": "Allow",
            "description": "",
            "destination_address_prefix": "*",
            "destination_address_prefixes": [],
            "destination_application_security_group_ids": [],
            "destination_port_range": "80",
            "destination_port_ranges": [],
            "direction": "Inbound",
            "id": "/subscriptions/b1facc8e-4a54-4c0d-9438-530dead2c9f2/resourceGroups/resourceGroup1/providers/Microsoft.Network/networkSecurityGroups/resourceGroup1-web-linuxvm-nic-nsg/securityRules/Rule-Port-80",
            "name": "Rule-Port-80",
            "network_security_group_name": "resourceGroup1-web-linuxvm-nic-nsg",
            "priority": 100,
            "protocol": "Tcp",
            "resource_group_name": "resourceGroup1",
            "source_address_prefix": "*",
            "source_address_prefixes": [],
            "source_application_security_group_ids": [],
            "source_port_range": "*",
            "source_port_ranges": [],
            "timeouts": null
          },
          "sensitive_attributes": [],
          "private": "eyJlMmJmYjczMC1lY2FhLTExZTYtOGY4OC0zNDM2M2JjN2M0YzAiOnsiY3JlYXRlIjoxODAwMDAwMDAwMDAwLCJkZWxldGUiOjE4MDAwMDAwMDAwMDAsInJlYWQiOjMwMDAwMDAwMDAwMCwidXBkYXRlIjoxODAwMDAwMDAwMDAwfX0=",
          "dependencies": [
            "azurerm_network_interface.web_linuxvm_nic",
            "azurerm_network_security_group.web_vmnic_nsg",
            "azurerm_public_ip.web_linuxvm_publicip",
            "azurerm_resource_group.example",
            "azurerm_subnet.example",
            "azurerm_virtual_network.example"
          ]
        },
        {
          "index_key": "110",
          "schema_version": 0,
          "attributes": {
            "access": "Allow",
            "description": "",
            "destination_address_prefix": "*",
            "destination_address_prefixes": [],
            "destination_application_security_group_ids": [],
            "destination_port_range": "443",
            "destination_port_ranges": [],
            "direction": "Inbound",
            "id": "/subscriptions/b1facc8e-4a54-4c0d-9438-530dead2c9f2/resourceGroups/resourceGroup1/providers/Microsoft.Network/networkSecurityGroups/resourceGroup1-web-linuxvm-nic-nsg/securityRules/Rule-Port-443",
            "name": "Rule-Port-443",
            "network_security_group_name": "resourceGroup1-web-linuxvm-nic-nsg",
            "priority": 110,
            "protocol": "Tcp",
            "resource_group_name": "resourceGroup1",
            "source_address_prefix": "*",
            "source_address_prefixes": [],
            "source_application_security_group_ids": [],
            "source_port_range": "*",
            "source_port_ranges": [],
            "timeouts": null
          },
          "sensitive_attributes": [],
          "private": "eyJlMmJmYjczMC1lY2FhLTExZTYtOGY4OC0zNDM2M2JjN2M0YzAiOnsiY3JlYXRlIjoxODAwMDAwMDAwMDAwLCJkZWxldGUiOjE4MDAwMDAwMDAwMDAsInJlYWQiOjMwMDAwMDAwMDAwMCwidXBkYXRlIjoxODAwMDAwMDAwMDAwfX0=",
          "dependencies": [
            "azurerm_network_interface.web_linuxvm_nic",
            "azurerm_network_security_group.web_vmnic_nsg",
            "azurerm_public_ip.web_linuxvm_publicip",
            "azurerm_resource_group.example",
            "azurerm_subnet.example",
            "azurerm_virtual_network.example"
          ]
        },
        {
          "index_key": "120",
          "schema_version": 0,
          "attributes": {
            "access": "Allow",
            "description": "",
            "destination_address_prefix": "*",
            "destination_address_prefixes": [],
            "destination_application_security_group_ids": [],
            "destination_port_range": "22",
            "destination_port_ranges": [],
            "direction": "Inbound",
            "id": "/subscriptions/b1facc8e-4a54-4c0d-9438-530dead2c9f2/resourceGroups/resourceGroup1/providers/Microsoft.Network/networkSecurityGroups/resourceGroup1-web-linuxvm-nic-nsg/securityRules/Rule-Port-22",
            "name": "Rule-Port-22",
            "network_security_group_name": "resourceGroup1-web-linuxvm-nic-nsg",
            "priority": 120,
            "protocol": "Tcp",
            "resource_group_name": "resourceGroup1",
            "source_address_prefix": "*",
            "source_address_prefixes": [],
            "source_application_security_group_ids": [],
            "source_port_range": "*",
            "source_port_ranges": [],
            "timeouts": null
          },
          "sensitive_attributes": [],
          "private": "eyJlMmJmYjczMC1lY2FhLTExZTYtOGY4OC0zNDM2M2JjN2M0YzAiOnsiY3JlYXRlIjoxODAwMDAwMDAwMDAwLCJkZWxldGUiOjE4MDAwMDAwMDAwMDAsInJlYWQiOjMwMDAwMDAwMDAwMCwidXBkYXRlIjoxODAwMDAwMDAwMDAwfX0=",
          "dependencies": [
            "azurerm_network_interface.web_linuxvm_nic",
            "azurerm_network_security_group.web_vmnic_nsg",
            "azurerm_public_ip.web_linuxvm_publicip",
            "azurerm_resource_group.example",
            "azurerm_subnet.example",
            "azurerm_virtual_network.example"
          ]
        }
      ]
    },
    {
      "mode": "managed",
      "type": "azurerm_public_ip",
      "name": "web_linuxvm_publicip",
      "provider": "provider[\"registry.terraform.io/hashicorp/azurerm\"]",
      "instances": [
        {
          "schema_version": 0,
          "attributes": {
            "allocation_method": "Static",
            "ddos_protection_mode": "VirtualNetworkInherited",
            "ddos_protection_plan_id": null,
            "domain_name_label": null,
            "edge_zone": "",
            "fqdn": null,
            "id": "/subscriptions/b1facc8e-4a54-4c0d-9438-530dead2c9f2/resourceGroups/resourceGroup1/providers/Microsoft.Network/publicIPAddresses/resourceGroup1-linuxvm-publicip",
            "idle_timeout_in_minutes": 4,
            "ip_address": "104.42.146.11",
            "ip_tags": {},
            "ip_version": "IPv4",
            "location": "westus",
            "name": "resourceGroup1-linuxvm-publicip",
            "public_ip_prefix_id": null,
            "resource_group_name": "resourceGroup1",
            "reverse_fqdn": null,
            "sku": "Standard",
            "sku_tier": "Regional",
            "tags": {},
            "timeouts": null,
            "zones": []
          },
          "sensitive_attributes": [],
          "private": "eyJlMmJmYjczMC1lY2FhLTExZTYtOGY4OC0zNDM2M2JjN2M0YzAiOnsiY3JlYXRlIjoxODAwMDAwMDAwMDAwLCJkZWxldGUiOjE4MDAwMDAwMDAwMDAsInJlYWQiOjMwMDAwMDAwMDAwMCwidXBkYXRlIjoxODAwMDAwMDAwMDAwfX0=",
          "dependencies": [
            "azurerm_resource_group.example"
          ]
        }
      ]
    },
    {
      "mode": "managed",
      "type": "azurerm_resource_group",
      "name": "example",
      "provider": "provider[\"registry.terraform.io/hashicorp/azurerm\"]",
      "instances": [
        {
          "schema_version": 0,
          "attributes": {
            "id": "/subscriptions/b1facc8e-4a54-4c0d-9438-530dead2c9f2/resourceGroups/resourceGroup1",
            "location": "westus",
            "managed_by": "",
            "name": "resourceGroup1",
            "tags": {},
            "timeouts": null
          },
          "sensitive_attributes": [],
          "private": "eyJlMmJmYjczMC1lY2FhLTExZTYtOGY4OC0zNDM2M2JjN2M0YzAiOnsiY3JlYXRlIjo1NDAwMDAwMDAwMDAwLCJkZWxldGUiOjU0MDAwMDAwMDAwMDAsInJlYWQiOjMwMDAwMDAwMDAwMCwidXBkYXRlIjo1NDAwMDAwMDAwMDAwfX0="
        }
      ]
    },
    {
      "mode": "managed",
      "type": "azurerm_subnet",
      "name": "example",
      "provider": "provider[\"registry.terraform.io/hashicorp/azurerm\"]",
      "instances": [
        {
          "schema_version": 0,
          "attributes": {
            "address_prefixes": [
              "10.0.2.0/24"
            ],
            "delegation": [],
            "enforce_private_link_endpoint_network_policies": false,
            "enforce_private_link_service_network_policies": false,
            "id": "/subscriptions/b1facc8e-4a54-4c0d-9438-530dead2c9f2/resourceGroups/resourceGroup1/providers/Microsoft.Network/virtualNetworks/my-vnet/subnets/internal",
            "name": "internal",
            "private_endpoint_network_policies_enabled": true,
            "private_link_service_network_policies_enabled": true,
            "resource_group_name": "resourceGroup1",
            "service_endpoint_policy_ids": [],
            "service_endpoints": [],
            "timeouts": null,
            "virtual_network_name": "my-vnet"
          },
          "sensitive_attributes": [],
          "private": "eyJlMmJmYjczMC1lY2FhLTExZTYtOGY4OC0zNDM2M2JjN2M0YzAiOnsiY3JlYXRlIjoxODAwMDAwMDAwMDAwLCJkZWxldGUiOjE4MDAwMDAwMDAwMDAsInJlYWQiOjMwMDAwMDAwMDAwMCwidXBkYXRlIjoxODAwMDAwMDAwMDAwfX0=",
          "dependencies": [
            "azurerm_resource_group.example",
            "azurerm_virtual_network.example"
          ]
        }
      ]
    },
    {
      "mode": "managed",
      "type": "azurerm_virtual_network",
      "name": "example",
      "provider": "provider[\"registry.terraform.io/hashicorp/azurerm\"]",
      "instances": [
        {
          "schema_version": 0,
          "attributes": {
            "address_space": [
              "10.0.0.0/16"
            ],
            "bgp_community": "",
            "ddos_protection_plan": [],
            "dns_servers": [],
            "edge_zone": "",
            "encryption": [],
            "flow_timeout_in_minutes": 0,
            "guid": "895c9cf5-acc2-415b-a3ce-132223334e9e",
            "id": "/subscriptions/b1facc8e-4a54-4c0d-9438-530dead2c9f2/resourceGroups/resourceGroup1/providers/Microsoft.Network/virtualNetworks/my-vnet",
            "location": "westus",
            "name": "my-vnet",
            "resource_group_name": "resourceGroup1",
            "subnet": [
              {
                "address_prefix": "10.0.2.0/24",
                "id": "/subscriptions/b1facc8e-4a54-4c0d-9438-530dead2c9f2/resourceGroups/resourceGroup1/providers/Microsoft.Network/virtualNetworks/my-vnet/subnets/internal",
                "name": "internal",
                "security_group": ""
              }
            ],
            "tags": {},
            "timeouts": null
          },
          "sensitive_attributes": [],
          "private": "eyJlMmJmYjczMC1lY2FhLTExZTYtOGY4OC0zNDM2M2JjN2M0YzAiOnsiY3JlYXRlIjoxODAwMDAwMDAwMDAwLCJkZWxldGUiOjE4MDAwMDAwMDAwMDAsInJlYWQiOjMwMDAwMDAwMDAwMCwidXBkYXRlIjoxODAwMDAwMDAwMDAwfX0=",
          "dependencies": [
            "azurerm_resource_group.example"
          ]
        }
      ]
    }
  ],
  "check_results": null
}
